
Microsoft Visual Studio Solution File, Format Version 12.00
# Visual Studio Version 16
VisualStudioVersion = 16.0.30523.141
MinimumVisualStudioVersion = 10.0.40219.1
Project("{FAE04EC0-301F-11D3-BF4B-00C04F79EFBC}") = "BirthDateString", "BirthDateString\BirthDateString.csproj", "{6135C330-92BC-44B0-9B8C-F60392095040}"
EndProject
Global
	GlobalSection(SolutionConfigurationPlatforms) = preSolution
		Debug|Any CPU = Debug|Any CPU
		Release|Any CPU = Release|Any CPU
	EndGlobalSection
	GlobalSection(ProjectConfigurationPlatforms) = postSolution
		{6135C330-92BC-44B0-9B8C-F60392095040}.Debug|Any CPU.ActiveCfg = Debug|Any CPU
		{6135C330-92BC-44B0-9B8C-F60392095040}.Debug|Any CPU.Build.0 = Debug|Any CPU
		{6135C330-92BC-44B0-9B8C-F60392095040}.Release|Any CPU.ActiveCfg = Release|Any CPU
		{6135C330-92BC-44B0-9B8C-F60392095040}.Release|Any CPU.Build.0 = Release|Any CPU
	EndGlobalSection
	GlobalSection(SolutionProperties) = preSolution
		HideSolutionNode = FALSE
	EndGlobalSection
	GlobalSection(ExtensibilityGlobals) = postSolution
		SolutionGuid = {6BB397D2-FAF0-40C3-9FE8-C2EE7BE5210A}
	EndGlobalSection
EndGlobal
