
Microsoft Visual Studio Solution File, Format Version 12.00
# Visual Studio Version 16
VisualStudioVersion = 16.0.30523.141
MinimumVisualStudioVersion = 10.0.40219.1
Project("{FAE04EC0-301F-11D3-BF4B-00C04F79EFBC}") = "Milestone Project- Inventory List", "Milestone Project- Inventory List\Milestone Project- Inventory List.csproj", "{45B7EB6D-777A-4BB2-A208-8C102E036BB9}"
EndProject
Global
	GlobalSection(SolutionConfigurationPlatforms) = preSolution
		Debug|Any CPU = Debug|Any CPU
		Release|Any CPU = Release|Any CPU
	EndGlobalSection
	GlobalSection(ProjectConfigurationPlatforms) = postSolution
		{45B7EB6D-777A-4BB2-A208-8C102E036BB9}.Debug|Any CPU.ActiveCfg = Debug|Any CPU
		{45B7EB6D-777A-4BB2-A208-8C102E036BB9}.Debug|Any CPU.Build.0 = Debug|Any CPU
		{45B7EB6D-777A-4BB2-A208-8C102E036BB9}.Release|Any CPU.ActiveCfg = Release|Any CPU
		{45B7EB6D-777A-4BB2-A208-8C102E036BB9}.Release|Any CPU.Build.0 = Release|Any CPU
	EndGlobalSection
	GlobalSection(SolutionProperties) = preSolution
		HideSolutionNode = FALSE
	EndGlobalSection
	GlobalSection(ExtensibilityGlobals) = postSolution
		SolutionGuid = {FED9F365-CD49-467D-9348-83A72C519966}
	EndGlobalSection
EndGlobal
